
Microsoft Visual Studio Solution File, Format Version 12.00
# Visual Studio Version 16
VisualStudioVersion = 16.0.30114.105
MinimumVisualStudioVersion = 10.0.40219.1
Project("{FAE04EC0-301F-11D3-BF4B-00C04F79EFBC}") = "Everybody-Edits-CTF", "Everybody-Edits-CTF.csproj", "{A397C4EA-2692-4114-A504-AAAD2E387A34}"
EndProject
Global
	GlobalSection(SolutionConfigurationPlatforms) = preSolution
		Debug|Any CPU = Debug|Any CPU
		Release|Any CPU = Release|Any CPU
	EndGlobalSection
	GlobalSection(ProjectConfigurationPlatforms) = postSolution
		{A397C4EA-2692-4114-A504-AAAD2E387A34}.Debug|Any CPU.ActiveCfg = Debug|Any CPU
		{A397C4EA-2692-4114-A504-AAAD2E387A34}.Debug|Any CPU.Build.0 = Debug|Any CPU
		{A397C4EA-2692-4114-A504-AAAD2E387A34}.Release|Any CPU.ActiveCfg = Release|Any CPU
		{A397C4EA-2692-4114-A504-AAAD2E387A34}.Release|Any CPU.Build.0 = Release|Any CPU
	EndGlobalSection
	GlobalSection(SolutionProperties) = preSolution
		HideSolutionNode = FALSE
	EndGlobalSection
	GlobalSection(ExtensibilityGlobals) = postSolution
		SolutionGuid = {F14577B2-9E8C-428E-8B13-912356BF90EE}
	EndGlobalSection
EndGlobal
